
Microsoft Visual Studio Solution File, Format Version 12.00
Project("{FAE04EC0-301F-11D3-BF4B-00C04F79EFBC}") = "Microservices.API", "Microservices.API\Microservices.API.csproj", "{19B60405-958E-4126-BDC9-72EB4F3BAB59}"
EndProject
Project("{FAE04EC0-301F-11D3-BF4B-00C04F79EFBC}") = "Microservices.Infrastructure", "Microservices.Infrastructure\Microservices.Infrastructure.csproj", "{1CA9433F-7E06-40AD-9674-364DC39E0DCE}"
EndProject
Project("{FAE04EC0-301F-11D3-BF4B-00C04F79EFBC}") = "Microservices.Core", "Microservices.Core\Microservices.Core.csproj", "{41554226-C188-4B5A-8D7A-58DFB3C536E8}"
EndProject
Global
	GlobalSection(SolutionConfigurationPlatforms) = preSolution
		Debug|Any CPU = Debug|Any CPU
		Release|Any CPU = Release|Any CPU
	EndGlobalSection
	GlobalSection(ProjectConfigurationPlatforms) = postSolution
		{19B60405-958E-4126-BDC9-72EB4F3BAB59}.Debug|Any CPU.ActiveCfg = Debug|Any CPU
		{19B60405-958E-4126-BDC9-72EB4F3BAB59}.Debug|Any CPU.Build.0 = Debug|Any CPU
		{19B60405-958E-4126-BDC9-72EB4F3BAB59}.Release|Any CPU.ActiveCfg = Release|Any CPU
		{19B60405-958E-4126-BDC9-72EB4F3BAB59}.Release|Any CPU.Build.0 = Release|Any CPU
		{1CA9433F-7E06-40AD-9674-364DC39E0DCE}.Debug|Any CPU.ActiveCfg = Debug|Any CPU
		{1CA9433F-7E06-40AD-9674-364DC39E0DCE}.Debug|Any CPU.Build.0 = Debug|Any CPU
		{1CA9433F-7E06-40AD-9674-364DC39E0DCE}.Release|Any CPU.ActiveCfg = Release|Any CPU
		{1CA9433F-7E06-40AD-9674-364DC39E0DCE}.Release|Any CPU.Build.0 = Release|Any CPU
		{41554226-C188-4B5A-8D7A-58DFB3C536E8}.Debug|Any CPU.ActiveCfg = Debug|Any CPU
		{41554226-C188-4B5A-8D7A-58DFB3C536E8}.Debug|Any CPU.Build.0 = Debug|Any CPU
		{41554226-C188-4B5A-8D7A-58DFB3C536E8}.Release|Any CPU.ActiveCfg = Release|Any CPU
		{41554226-C188-4B5A-8D7A-58DFB3C536E8}.Release|Any CPU.Build.0 = Release|Any CPU
	EndGlobalSection
EndGlobal
