
Microsoft Visual Studio Solution File, Format Version 12.00
# Visual Studio Version 17
VisualStudioVersion = 17.0.31903.59
MinimumVisualStudioVersion = 10.0.40219.1
Project("{2150E333-8FDC-42A3-9474-1A3956D46DE8}") = "Microservices.ApiGateway", "Microservices.ApiGateway", "{4831B48B-BEE8-601F-FEDF-8F7475E27F6E}"
EndProject
Project("{FAE04EC0-301F-11D3-BF4B-00C04F79EFBC}") = "ApiGateway", "Microservices.ApiGateway\ApiGateway\ApiGateway.csproj", "{0269D0A8-28A0-42CD-A1E5-D402DBC99B87}"
EndProject
Project("{2150E333-8FDC-42A3-9474-1A3956D46DE8}") = "Microservices.OrderService", "Microservices.OrderService", "{5CA6D222-AF1C-D59C-9ED6-6408EE10FE9D}"
EndProject
Project("{FAE04EC0-301F-11D3-BF4B-00C04F79EFBC}") = "BusinessLogicLayer", "Microservices.OrderService\BusinessLogicLayer\BusinessLogicLayer.csproj", "{E6363DAE-C7AC-4B70-AB61-9E1CCAC712F6}"
EndProject
Project("{FAE04EC0-301F-11D3-BF4B-00C04F79EFBC}") = "DataAccessLayer", "Microservices.OrderService\DataAccessLayer\DataAccessLayer.csproj", "{5878AC4B-3BF8-4F67-860D-9A255F205C49}"
EndProject
Project("{FAE04EC0-301F-11D3-BF4B-00C04F79EFBC}") = "OrderMicroservice.API", "Microservices.OrderService\OrderMicroservice.API\OrderMicroservice.API.csproj", "{9CF4911D-377F-4290-AA58-F5038CD38AFD}"
EndProject
Project("{2150E333-8FDC-42A3-9474-1A3956D46DE8}") = "Microservices.ProductService", "Microservices.ProductService", "{69980076-7C8B-9CC1-E0FE-77A9E6979BDE}"
EndProject
Project("{FAE04EC0-301F-11D3-BF4B-00C04F79EFBC}") = "BusinessLogicLayer", "Microservices.ProductService\BusinessLogicLayer\BusinessLogicLayer.csproj", "{7A2A55A9-D943-443E-9991-48B9A996010D}"
EndProject
Project("{FAE04EC0-301F-11D3-BF4B-00C04F79EFBC}") = "DataAccessLayer", "Microservices.ProductService\DataAccessLayer\DataAccessLayer.csproj", "{52BCAF77-E8C2-4935-B2AA-8FC6B3C8F857}"
EndProject
Project("{FAE04EC0-301F-11D3-BF4B-00C04F79EFBC}") = "ProductService.API", "Microservices.ProductService\ProductService.API\ProductService.API.csproj", "{803010C1-D99E-4EC7-8792-30A65457F59D}"
EndProject
Project("{2150E333-8FDC-42A3-9474-1A3956D46DE8}") = "Microservices.UserService", "Microservices.UserService", "{30DA48AA-857B-D6BB-5CB0-B112FF09C78C}"
EndProject
Project("{FAE04EC0-301F-11D3-BF4B-00C04F79EFBC}") = "Microservices.API", "Microservices.UserService\Microservices.API\Microservices.API.csproj", "{FB0F3753-F610-4B4F-9E17-08F54238F59B}"
EndProject
Project("{FAE04EC0-301F-11D3-BF4B-00C04F79EFBC}") = "Microservices.Core", "Microservices.UserService\Microservices.Core\Microservices.Core.csproj", "{1E013983-7051-4EDA-A769-95A530E50FBF}"
EndProject
Project("{FAE04EC0-301F-11D3-BF4B-00C04F79EFBC}") = "Microservices.Infrastructure", "Microservices.UserService\Microservices.Infrastructure\Microservices.Infrastructure.csproj", "{AA5DE02E-53C9-409A-B1BB-202BF81AD451}"
EndProject
Global
	GlobalSection(SolutionConfigurationPlatforms) = preSolution
		Debug|Any CPU = Debug|Any CPU
		Debug|x64 = Debug|x64
		Debug|x86 = Debug|x86
		Release|Any CPU = Release|Any CPU
		Release|x64 = Release|x64
		Release|x86 = Release|x86
	EndGlobalSection
	GlobalSection(ProjectConfigurationPlatforms) = postSolution
		{0269D0A8-28A0-42CD-A1E5-D402DBC99B87}.Debug|Any CPU.ActiveCfg = Debug|Any CPU
		{0269D0A8-28A0-42CD-A1E5-D402DBC99B87}.Debug|Any CPU.Build.0 = Debug|Any CPU
		{0269D0A8-28A0-42CD-A1E5-D402DBC99B87}.Debug|x64.ActiveCfg = Debug|Any CPU
		{0269D0A8-28A0-42CD-A1E5-D402DBC99B87}.Debug|x64.Build.0 = Debug|Any CPU
		{0269D0A8-28A0-42CD-A1E5-D402DBC99B87}.Debug|x86.ActiveCfg = Debug|Any CPU
		{0269D0A8-28A0-42CD-A1E5-D402DBC99B87}.Debug|x86.Build.0 = Debug|Any CPU
		{0269D0A8-28A0-42CD-A1E5-D402DBC99B87}.Release|Any CPU.ActiveCfg = Release|Any CPU
		{0269D0A8-28A0-42CD-A1E5-D402DBC99B87}.Release|Any CPU.Build.0 = Release|Any CPU
		{0269D0A8-28A0-42CD-A1E5-D402DBC99B87}.Release|x64.ActiveCfg = Release|Any CPU
		{0269D0A8-28A0-42CD-A1E5-D402DBC99B87}.Release|x64.Build.0 = Release|Any CPU
		{0269D0A8-28A0-42CD-A1E5-D402DBC99B87}.Release|x86.ActiveCfg = Release|Any CPU
		{0269D0A8-28A0-42CD-A1E5-D402DBC99B87}.Release|x86.Build.0 = Release|Any CPU
		{E6363DAE-C7AC-4B70-AB61-9E1CCAC712F6}.Debug|Any CPU.ActiveCfg = Debug|Any CPU
		{E6363DAE-C7AC-4B70-AB61-9E1CCAC712F6}.Debug|Any CPU.Build.0 = Debug|Any CPU
		{E6363DAE-C7AC-4B70-AB61-9E1CCAC712F6}.Debug|x64.ActiveCfg = Debug|Any CPU
		{E6363DAE-C7AC-4B70-AB61-9E1CCAC712F6}.Debug|x64.Build.0 = Debug|Any CPU
		{E6363DAE-C7AC-4B70-AB61-9E1CCAC712F6}.Debug|x86.ActiveCfg = Debug|Any CPU
		{E6363DAE-C7AC-4B70-AB61-9E1CCAC712F6}.Debug|x86.Build.0 = Debug|Any CPU
		{E6363DAE-C7AC-4B70-AB61-9E1CCAC712F6}.Release|Any CPU.ActiveCfg = Release|Any CPU
		{E6363DAE-C7AC-4B70-AB61-9E1CCAC712F6}.Release|Any CPU.Build.0 = Release|Any CPU
		{E6363DAE-C7AC-4B70-AB61-9E1CCAC712F6}.Release|x64.ActiveCfg = Release|Any CPU
		{E6363DAE-C7AC-4B70-AB61-9E1CCAC712F6}.Release|x64.Build.0 = Release|Any CPU
		{E6363DAE-C7AC-4B70-AB61-9E1CCAC712F6}.Release|x86.ActiveCfg = Release|Any CPU
		{E6363DAE-C7AC-4B70-AB61-9E1CCAC712F6}.Release|x86.Build.0 = Release|Any CPU
		{5878AC4B-3BF8-4F67-860D-9A255F205C49}.Debug|Any CPU.ActiveCfg = Debug|Any CPU
		{5878AC4B-3BF8-4F67-860D-9A255F205C49}.Debug|Any CPU.Build.0 = Debug|Any CPU
		{5878AC4B-3BF8-4F67-860D-9A255F205C49}.Debug|x64.ActiveCfg = Debug|Any CPU
		{5878AC4B-3BF8-4F67-860D-9A255F205C49}.Debug|x64.Build.0 = Debug|Any CPU
		{5878AC4B-3BF8-4F67-860D-9A255F205C49}.Debug|x86.ActiveCfg = Debug|Any CPU
		{5878AC4B-3BF8-4F67-860D-9A255F205C49}.Debug|x86.Build.0 = Debug|Any CPU
		{5878AC4B-3BF8-4F67-860D-9A255F205C49}.Release|Any CPU.ActiveCfg = Release|Any CPU
		{5878AC4B-3BF8-4F67-860D-9A255F205C49}.Release|Any CPU.Build.0 = Release|Any CPU
		{5878AC4B-3BF8-4F67-860D-9A255F205C49}.Release|x64.ActiveCfg = Release|Any CPU
		{5878AC4B-3BF8-4F67-860D-9A255F205C49}.Release|x64.Build.0 = Release|Any CPU
		{5878AC4B-3BF8-4F67-860D-9A255F205C49}.Release|x86.ActiveCfg = Release|Any CPU
		{5878AC4B-3BF8-4F67-860D-9A255F205C49}.Release|x86.Build.0 = Release|Any CPU
		{9CF4911D-377F-4290-AA58-F5038CD38AFD}.Debug|Any CPU.ActiveCfg = Debug|Any CPU
		{9CF4911D-377F-4290-AA58-F5038CD38AFD}.Debug|Any CPU.Build.0 = Debug|Any CPU
		{9CF4911D-377F-4290-AA58-F5038CD38AFD}.Debug|x64.ActiveCfg = Debug|Any CPU
		{9CF4911D-377F-4290-AA58-F5038CD38AFD}.Debug|x64.Build.0 = Debug|Any CPU
		{9CF4911D-377F-4290-AA58-F5038CD38AFD}.Debug|x86.ActiveCfg = Debug|Any CPU
		{9CF4911D-377F-4290-AA58-F5038CD38AFD}.Debug|x86.Build.0 = Debug|Any CPU
		{9CF4911D-377F-4290-AA58-F5038CD38AFD}.Release|Any CPU.ActiveCfg = Release|Any CPU
		{9CF4911D-377F-4290-AA58-F5038CD38AFD}.Release|Any CPU.Build.0 = Release|Any CPU
		{9CF4911D-377F-4290-AA58-F5038CD38AFD}.Release|x64.ActiveCfg = Release|Any CPU
		{9CF4911D-377F-4290-AA58-F5038CD38AFD}.Release|x64.Build.0 = Release|Any CPU
		{9CF4911D-377F-4290-AA58-F5038CD38AFD}.Release|x86.ActiveCfg = Release|Any CPU
		{9CF4911D-377F-4290-AA58-F5038CD38AFD}.Release|x86.Build.0 = Release|Any CPU
		{7A2A55A9-D943-443E-9991-48B9A996010D}.Debug|Any CPU.ActiveCfg = Debug|Any CPU
		{7A2A55A9-D943-443E-9991-48B9A996010D}.Debug|Any CPU.Build.0 = Debug|Any CPU
		{7A2A55A9-D943-443E-9991-48B9A996010D}.Debug|x64.ActiveCfg = Debug|Any CPU
		{7A2A55A9-D943-443E-9991-48B9A996010D}.Debug|x64.Build.0 = Debug|Any CPU
		{7A2A55A9-D943-443E-9991-48B9A996010D}.Debug|x86.ActiveCfg = Debug|Any CPU
		{7A2A55A9-D943-443E-9991-48B9A996010D}.Debug|x86.Build.0 = Debug|Any CPU
		{7A2A55A9-D943-443E-9991-48B9A996010D}.Release|Any CPU.ActiveCfg = Release|Any CPU
		{7A2A55A9-D943-443E-9991-48B9A996010D}.Release|Any CPU.Build.0 = Release|Any CPU
		{7A2A55A9-D943-443E-9991-48B9A996010D}.Release|x64.ActiveCfg = Release|Any CPU
		{7A2A55A9-D943-443E-9991-48B9A996010D}.Release|x64.Build.0 = Release|Any CPU
		{7A2A55A9-D943-443E-9991-48B9A996010D}.Release|x86.ActiveCfg = Release|Any CPU
		{7A2A55A9-D943-443E-9991-48B9A996010D}.Release|x86.Build.0 = Release|Any CPU
		{52BCAF77-E8C2-4935-B2AA-8FC6B3C8F857}.Debug|Any CPU.ActiveCfg = Debug|Any CPU
		{52BCAF77-E8C2-4935-B2AA-8FC6B3C8F857}.Debug|Any CPU.Build.0 = Debug|Any CPU
		{52BCAF77-E8C2-4935-B2AA-8FC6B3C8F857}.Debug|x64.ActiveCfg = Debug|Any CPU
		{52BCAF77-E8C2-4935-B2AA-8FC6B3C8F857}.Debug|x64.Build.0 = Debug|Any CPU
		{52BCAF77-E8C2-4935-B2AA-8FC6B3C8F857}.Debug|x86.ActiveCfg = Debug|Any CPU
		{52BCAF77-E8C2-4935-B2AA-8FC6B3C8F857}.Debug|x86.Build.0 = Debug|Any CPU
		{52BCAF77-E8C2-4935-B2AA-8FC6B3C8F857}.Release|Any CPU.ActiveCfg = Release|Any CPU
		{52BCAF77-E8C2-4935-B2AA-8FC6B3C8F857}.Release|Any CPU.Build.0 = Release|Any CPU
		{52BCAF77-E8C2-4935-B2AA-8FC6B3C8F857}.Release|x64.ActiveCfg = Release|Any CPU
		{52BCAF77-E8C2-4935-B2AA-8FC6B3C8F857}.Release|x64.Build.0 = Release|Any CPU
		{52BCAF77-E8C2-4935-B2AA-8FC6B3C8F857}.Release|x86.ActiveCfg = Release|Any CPU
		{52BCAF77-E8C2-4935-B2AA-8FC6B3C8F857}.Release|x86.Build.0 = Release|Any CPU
		{803010C1-D99E-4EC7-8792-30A65457F59D}.Debug|Any CPU.ActiveCfg = Debug|Any CPU
		{803010C1-D99E-4EC7-8792-30A65457F59D}.Debug|Any CPU.Build.0 = Debug|Any CPU
		{803010C1-D99E-4EC7-8792-30A65457F59D}.Debug|x64.ActiveCfg = Debug|Any CPU
		{803010C1-D99E-4EC7-8792-30A65457F59D}.Debug|x64.Build.0 = Debug|Any CPU
		{803010C1-D99E-4EC7-8792-30A65457F59D}.Debug|x86.ActiveCfg = Debug|Any CPU
		{803010C1-D99E-4EC7-8792-30A65457F59D}.Debug|x86.Build.0 = Debug|Any CPU
		{803010C1-D99E-4EC7-8792-30A65457F59D}.Release|Any CPU.ActiveCfg = Release|Any CPU
		{803010C1-D99E-4EC7-8792-30A65457F59D}.Release|Any CPU.Build.0 = Release|Any CPU
		{803010C1-D99E-4EC7-8792-30A65457F59D}.Release|x64.ActiveCfg = Release|Any CPU
		{803010C1-D99E-4EC7-8792-30A65457F59D}.Release|x64.Build.0 = Release|Any CPU
		{803010C1-D99E-4EC7-8792-30A65457F59D}.Release|x86.ActiveCfg = Release|Any CPU
		{803010C1-D99E-4EC7-8792-30A65457F59D}.Release|x86.Build.0 = Release|Any CPU
		{FB0F3753-F610-4B4F-9E17-08F54238F59B}.Debug|Any CPU.ActiveCfg = Debug|Any CPU
		{FB0F3753-F610-4B4F-9E17-08F54238F59B}.Debug|Any CPU.Build.0 = Debug|Any CPU
		{FB0F3753-F610-4B4F-9E17-08F54238F59B}.Debug|x64.ActiveCfg = Debug|Any CPU
		{FB0F3753-F610-4B4F-9E17-08F54238F59B}.Debug|x64.Build.0 = Debug|Any CPU
		{FB0F3753-F610-4B4F-9E17-08F54238F59B}.Debug|x86.ActiveCfg = Debug|Any CPU
		{FB0F3753-F610-4B4F-9E17-08F54238F59B}.Debug|x86.Build.0 = Debug|Any CPU
		{FB0F3753-F610-4B4F-9E17-08F54238F59B}.Release|Any CPU.ActiveCfg = Release|Any CPU
		{FB0F3753-F610-4B4F-9E17-08F54238F59B}.Release|Any CPU.Build.0 = Release|Any CPU
		{FB0F3753-F610-4B4F-9E17-08F54238F59B}.Release|x64.ActiveCfg = Release|Any CPU
		{FB0F3753-F610-4B4F-9E17-08F54238F59B}.Release|x64.Build.0 = Release|Any CPU
		{FB0F3753-F610-4B4F-9E17-08F54238F59B}.Release|x86.ActiveCfg = Release|Any CPU
		{FB0F3753-F610-4B4F-9E17-08F54238F59B}.Release|x86.Build.0 = Release|Any CPU
		{1E013983-7051-4EDA-A769-95A530E50FBF}.Debug|Any CPU.ActiveCfg = Debug|Any CPU
		{1E013983-7051-4EDA-A769-95A530E50FBF}.Debug|Any CPU.Build.0 = Debug|Any CPU
		{1E013983-7051-4EDA-A769-95A530E50FBF}.Debug|x64.ActiveCfg = Debug|Any CPU
		{1E013983-7051-4EDA-A769-95A530E50FBF}.Debug|x64.Build.0 = Debug|Any CPU
		{1E013983-7051-4EDA-A769-95A530E50FBF}.Debug|x86.ActiveCfg = Debug|Any CPU
		{1E013983-7051-4EDA-A769-95A530E50FBF}.Debug|x86.Build.0 = Debug|Any CPU
		{1E013983-7051-4EDA-A769-95A530E50FBF}.Release|Any CPU.ActiveCfg = Release|Any CPU
		{1E013983-7051-4EDA-A769-95A530E50FBF}.Release|Any CPU.Build.0 = Release|Any CPU
		{1E013983-7051-4EDA-A769-95A530E50FBF}.Release|x64.ActiveCfg = Release|Any CPU
		{1E013983-7051-4EDA-A769-95A530E50FBF}.Release|x64.Build.0 = Release|Any CPU
		{1E013983-7051-4EDA-A769-95A530E50FBF}.Release|x86.ActiveCfg = Release|Any CPU
		{1E013983-7051-4EDA-A769-95A530E50FBF}.Release|x86.Build.0 = Release|Any CPU
		{AA5DE02E-53C9-409A-B1BB-202BF81AD451}.Debug|Any CPU.ActiveCfg = Debug|Any CPU
		{AA5DE02E-53C9-409A-B1BB-202BF81AD451}.Debug|Any CPU.Build.0 = Debug|Any CPU
		{AA5DE02E-53C9-409A-B1BB-202BF81AD451}.Debug|x64.ActiveCfg = Debug|Any CPU
		{AA5DE02E-53C9-409A-B1BB-202BF81AD451}.Debug|x64.Build.0 = Debug|Any CPU
		{AA5DE02E-53C9-409A-B1BB-202BF81AD451}.Debug|x86.ActiveCfg = Debug|Any CPU
		{AA5DE02E-53C9-409A-B1BB-202BF81AD451}.Debug|x86.Build.0 = Debug|Any CPU
		{AA5DE02E-53C9-409A-B1BB-202BF81AD451}.Release|Any CPU.ActiveCfg = Release|Any CPU
		{AA5DE02E-53C9-409A-B1BB-202BF81AD451}.Release|Any CPU.Build.0 = Release|Any CPU
		{AA5DE02E-53C9-409A-B1BB-202BF81AD451}.Release|x64.ActiveCfg = Release|Any CPU
		{AA5DE02E-53C9-409A-B1BB-202BF81AD451}.Release|x64.Build.0 = Release|Any CPU
		{AA5DE02E-53C9-409A-B1BB-202BF81AD451}.Release|x86.ActiveCfg = Release|Any CPU
		{AA5DE02E-53C9-409A-B1BB-202BF81AD451}.Release|x86.Build.0 = Release|Any CPU
	EndGlobalSection
	GlobalSection(SolutionProperties) = preSolution
		HideSolutionNode = FALSE
	EndGlobalSection
	GlobalSection(NestedProjects) = preSolution
		{0269D0A8-28A0-42CD-A1E5-D402DBC99B87} = {4831B48B-BEE8-601F-FEDF-8F7475E27F6E}
		{E6363DAE-C7AC-4B70-AB61-9E1CCAC712F6} = {5CA6D222-AF1C-D59C-9ED6-6408EE10FE9D}
		{5878AC4B-3BF8-4F67-860D-9A255F205C49} = {5CA6D222-AF1C-D59C-9ED6-6408EE10FE9D}
		{9CF4911D-377F-4290-AA58-F5038CD38AFD} = {5CA6D222-AF1C-D59C-9ED6-6408EE10FE9D}
		{7A2A55A9-D943-443E-9991-48B9A996010D} = {69980076-7C8B-9CC1-E0FE-77A9E6979BDE}
		{52BCAF77-E8C2-4935-B2AA-8FC6B3C8F857} = {69980076-7C8B-9CC1-E0FE-77A9E6979BDE}
		{803010C1-D99E-4EC7-8792-30A65457F59D} = {69980076-7C8B-9CC1-E0FE-77A9E6979BDE}
		{FB0F3753-F610-4B4F-9E17-08F54238F59B} = {30DA48AA-857B-D6BB-5CB0-B112FF09C78C}
		{1E013983-7051-4EDA-A769-95A530E50FBF} = {30DA48AA-857B-D6BB-5CB0-B112FF09C78C}
		{AA5DE02E-53C9-409A-B1BB-202BF81AD451} = {30DA48AA-857B-D6BB-5CB0-B112FF09C78C}
	EndGlobalSection
EndGlobal
